
Microsoft Visual Studio Solution File, Format Version 12.00
# Visual Studio Express 2013 for Windows
VisualStudioVersion = 12.0.31101.0
MinimumVisualStudioVersion = 10.0.40219.1
Project("{8BC9CEB8-8B4A-11D0-8D11-00A0C91BC942}") = "XML-RPC Blog Cllient", "XML-RPC Blog Cllient\XML-RPC Blog Cllient.vcxproj", "{BFBD5BEA-3203-4E9F-B049-FA407F5ED77D}"
EndProject
Project("{2150E333-8FDC-42A3-9474-1A3956D46DE8}") = "GhostBlogClient", "GhostBlogClient", "{DCE71BF8-E25E-47B0-9A46-D07804620740}"
EndProject
Project("{8BC9CEB8-8B4A-11D0-8D11-00A0C91BC942}") = "GhostBlogClient.Shared", "GhostBlogClient\GhostBlogClient.Shared\GhostBlogClient.Shared.vcxitems", "{B5628646-74BF-4D92-B3DE-711030E4F562}"
EndProject
Project("{8BC9CEB8-8B4A-11D0-8D11-00A0C91BC942}") = "GhostBlogClient.Windows", "GhostBlogClient\GhostBlogClient.Windows\GhostBlogClient.Windows.vcxproj", "{7177A907-34E0-4907-BA6C-2D50A77E9668}"
EndProject
Project("{8BC9CEB8-8B4A-11D0-8D11-00A0C91BC942}") = "GhostBlogClient.WindowsPhone", "GhostBlogClient\GhostBlogClient.WindowsPhone\GhostBlogClient.WindowsPhone.vcxproj", "{EAE8F06A-D472-4791-88BC-4C4561666EA1}"
EndProject
Global
	GlobalSection(SharedMSBuildProjectFiles) = preSolution
		GhostBlogClient\GhostBlogClient.Shared\GhostBlogClient.Shared.vcxitems*{b5628646-74bf-4d92-b3de-711030e4f562}*SharedItemsImports = 9
		GhostBlogClient\GhostBlogClient.Shared\GhostBlogClient.Shared.vcxitems*{7177a907-34e0-4907-ba6c-2d50a77e9668}*SharedItemsImports = 4
		GhostBlogClient\GhostBlogClient.Shared\GhostBlogClient.Shared.vcxitems*{eae8f06a-d472-4791-88bc-4c4561666ea1}*SharedItemsImports = 4
	EndGlobalSection
	GlobalSection(SolutionConfigurationPlatforms) = preSolution
		Debug|ARM = Debug|ARM
		Debug|Win32 = Debug|Win32
		Debug|x64 = Debug|x64
		Release|ARM = Release|ARM
		Release|Win32 = Release|Win32
		Release|x64 = Release|x64
	EndGlobalSection
	GlobalSection(ProjectConfigurationPlatforms) = postSolution
		{BFBD5BEA-3203-4E9F-B049-FA407F5ED77D}.Debug|ARM.ActiveCfg = Debug|ARM
		{BFBD5BEA-3203-4E9F-B049-FA407F5ED77D}.Debug|ARM.Build.0 = Debug|ARM
		{BFBD5BEA-3203-4E9F-B049-FA407F5ED77D}.Debug|ARM.Deploy.0 = Debug|ARM
		{BFBD5BEA-3203-4E9F-B049-FA407F5ED77D}.Debug|Win32.ActiveCfg = Debug|Win32
		{BFBD5BEA-3203-4E9F-B049-FA407F5ED77D}.Debug|Win32.Build.0 = Debug|Win32
		{BFBD5BEA-3203-4E9F-B049-FA407F5ED77D}.Debug|Win32.Deploy.0 = Debug|Win32
		{BFBD5BEA-3203-4E9F-B049-FA407F5ED77D}.Debug|x64.ActiveCfg = Debug|Win32
		{BFBD5BEA-3203-4E9F-B049-FA407F5ED77D}.Release|ARM.ActiveCfg = Release|ARM
		{BFBD5BEA-3203-4E9F-B049-FA407F5ED77D}.Release|ARM.Build.0 = Release|ARM
		{BFBD5BEA-3203-4E9F-B049-FA407F5ED77D}.Release|ARM.Deploy.0 = Release|ARM
		{BFBD5BEA-3203-4E9F-B049-FA407F5ED77D}.Release|Win32.ActiveCfg = Release|Win32
		{BFBD5BEA-3203-4E9F-B049-FA407F5ED77D}.Release|Win32.Build.0 = Release|Win32
		{BFBD5BEA-3203-4E9F-B049-FA407F5ED77D}.Release|Win32.Deploy.0 = Release|Win32
		{BFBD5BEA-3203-4E9F-B049-FA407F5ED77D}.Release|x64.ActiveCfg = Release|Win32
		{7177A907-34E0-4907-BA6C-2D50A77E9668}.Debug|ARM.ActiveCfg = Debug|ARM
		{7177A907-34E0-4907-BA6C-2D50A77E9668}.Debug|ARM.Build.0 = Debug|ARM
		{7177A907-34E0-4907-BA6C-2D50A77E9668}.Debug|ARM.Deploy.0 = Debug|ARM
		{7177A907-34E0-4907-BA6C-2D50A77E9668}.Debug|Win32.ActiveCfg = Debug|Win32
		{7177A907-34E0-4907-BA6C-2D50A77E9668}.Debug|Win32.Build.0 = Debug|Win32
		{7177A907-34E0-4907-BA6C-2D50A77E9668}.Debug|Win32.Deploy.0 = Debug|Win32
		{7177A907-34E0-4907-BA6C-2D50A77E9668}.Debug|x64.ActiveCfg = Debug|x64
		{7177A907-34E0-4907-BA6C-2D50A77E9668}.Debug|x64.Build.0 = Debug|x64
		{7177A907-34E0-4907-BA6C-2D50A77E9668}.Debug|x64.Deploy.0 = Debug|x64
		{7177A907-34E0-4907-BA6C-2D50A77E9668}.Release|ARM.ActiveCfg = Release|ARM
		{7177A907-34E0-4907-BA6C-2D50A77E9668}.Release|ARM.Build.0 = Release|ARM
		{7177A907-34E0-4907-BA6C-2D50A77E9668}.Release|ARM.Deploy.0 = Release|ARM
		{7177A907-34E0-4907-BA6C-2D50A77E9668}.Release|Win32.ActiveCfg = Release|Win32
		{7177A907-34E0-4907-BA6C-2D50A77E9668}.Release|Win32.Build.0 = Release|Win32
		{7177A907-34E0-4907-BA6C-2D50A77E9668}.Release|Win32.Deploy.0 = Release|Win32
		{7177A907-34E0-4907-BA6C-2D50A77E9668}.Release|x64.ActiveCfg = Release|x64
		{7177A907-34E0-4907-BA6C-2D50A77E9668}.Release|x64.Build.0 = Release|x64
		{7177A907-34E0-4907-BA6C-2D50A77E9668}.Release|x64.Deploy.0 = Release|x64
		{EAE8F06A-D472-4791-88BC-4C4561666EA1}.Debug|ARM.ActiveCfg = Debug|ARM
		{EAE8F06A-D472-4791-88BC-4C4561666EA1}.Debug|ARM.Build.0 = Debug|ARM
		{EAE8F06A-D472-4791-88BC-4C4561666EA1}.Debug|ARM.Deploy.0 = Debug|ARM
		{EAE8F06A-D472-4791-88BC-4C4561666EA1}.Debug|Win32.ActiveCfg = Debug|Win32
		{EAE8F06A-D472-4791-88BC-4C4561666EA1}.Debug|Win32.Build.0 = Debug|Win32
		{EAE8F06A-D472-4791-88BC-4C4561666EA1}.Debug|Win32.Deploy.0 = Debug|Win32
		{EAE8F06A-D472-4791-88BC-4C4561666EA1}.Debug|x64.ActiveCfg = Debug|Win32
		{EAE8F06A-D472-4791-88BC-4C4561666EA1}.Release|ARM.ActiveCfg = Release|ARM
		{EAE8F06A-D472-4791-88BC-4C4561666EA1}.Release|ARM.Build.0 = Release|ARM
		{EAE8F06A-D472-4791-88BC-4C4561666EA1}.Release|ARM.Deploy.0 = Release|ARM
		{EAE8F06A-D472-4791-88BC-4C4561666EA1}.Release|Win32.ActiveCfg = Release|Win32
		{EAE8F06A-D472-4791-88BC-4C4561666EA1}.Release|Win32.Build.0 = Release|Win32
		{EAE8F06A-D472-4791-88BC-4C4561666EA1}.Release|Win32.Deploy.0 = Release|Win32
		{EAE8F06A-D472-4791-88BC-4C4561666EA1}.Release|x64.ActiveCfg = Release|Win32
	EndGlobalSection
	GlobalSection(SolutionProperties) = preSolution
		HideSolutionNode = FALSE
	EndGlobalSection
	GlobalSection(NestedProjects) = preSolution
		{B5628646-74BF-4D92-B3DE-711030E4F562} = {DCE71BF8-E25E-47B0-9A46-D07804620740}
		{7177A907-34E0-4907-BA6C-2D50A77E9668} = {DCE71BF8-E25E-47B0-9A46-D07804620740}
		{EAE8F06A-D472-4791-88BC-4C4561666EA1} = {DCE71BF8-E25E-47B0-9A46-D07804620740}
	EndGlobalSection
EndGlobal
